// !$*UTF8*$!
{
	archiveVersion = 1;
	classes = {
	};
	objectVersion = 50;
	objects = {

/* Begin PBXBuildFile section */
		8AC784D65D04152990F18242 /* Pods_plannely.framework in Frameworks */ = {isa = PBXBuildFile; fileRef = 42B47FAAC2B5A8D951FFD05F /* Pods_plannely.framework */; };
		F65036EC24FF1CF50086CACD /* AppDelegate.swift in Sources */ = {isa = PBXBuildFile; fileRef = F65036EB24FF1CF50086CACD /* AppDelegate.swift */; };
		F65036EE24FF1CF50086CACD /* SceneDelegate.swift in Sources */ = {isa = PBXBuildFile; fileRef = F65036ED24FF1CF50086CACD /* SceneDelegate.swift */; };
		F65036F024FF1CF50086CACD /* ViewController.swift in Sources */ = {isa = PBXBuildFile; fileRef = F65036EF24FF1CF50086CACD /* ViewController.swift */; };
		F65036F324FF1CF50086CACD /* Main.storyboard in Resources */ = {isa = PBXBuildFile; fileRef = F65036F124FF1CF50086CACD /* Main.storyboard */; };
		F65036F524FF1CF60086CACD /* Assets.xcassets in Resources */ = {isa = PBXBuildFile; fileRef = F65036F424FF1CF60086CACD /* Assets.xcassets */; };
		F65036F824FF1CF60086CACD /* LaunchScreen.storyboard in Resources */ = {isa = PBXBuildFile; fileRef = F65036F624FF1CF60086CACD /* LaunchScreen.storyboard */; };
/* End PBXBuildFile section */

/* Begin PBXFileReference section */
		12EAD3A06B262CE50F9D2005 /* Pods-plannely.release.xcconfig */ = {isa = PBXFileReference; includeInIndex = 1; lastKnownFileType = text.xcconfig; name = "Pods-plannely.release.xcconfig"; path = "Target Support Files/Pods-plannely/Pods-plannely.release.xcconfig"; sourceTree = "<group>"; };
		42B47FAAC2B5A8D951FFD05F /* Pods_plannely.framework */ = {isa = PBXFileReference; explicitFileType = wrapper.framework; includeInIndex = 0; path = Pods_plannely.framework; sourceTree = BUILT_PRODUCTS_DIR; };
		736C6F1DD4D56C56D02984E8 /* Pods-plannely.debug.xcconfig */ = {isa = PBXFileReference; includeInIndex = 1; lastKnownFileType = text.xcconfig; name = "Pods-plannely.debug.xcconfig"; path = "Target Support Files/Pods-plannely/Pods-plannely.debug.xcconfig"; sourceTree = "<group>"; };
		F65036E824FF1CF50086CACD /* plannely.app */ = {isa = PBXFileReference; explicitFileType = wrapper.application; includeInIndex = 0; path = plannely.app; sourceTree = BUILT_PRODUCTS_DIR; };
		F65036EB24FF1CF50086CACD /* AppDelegate.swift */ = {isa = PBXFileReference; lastKnownFileType = sourcecode.swift; path = AppDelegate.swift; sourceTree = "<group>"; };
		F65036ED24FF1CF50086CACD /* SceneDelegate.swift */ = {isa = PBXFileReference; lastKnownFileType = sourcecode.swift; path = SceneDelegate.swift; sourceTree = "<group>"; };
		F65036EF24FF1CF50086CACD /* ViewController.swift */ = {isa = PBXFileReference; lastKnownFileType = sourcecode.swift; path = ViewController.swift; sourceTree = "<group>"; };
		F65036F224FF1CF50086CACD /* Base */ = {isa = PBXFileReference; lastKnownFileType = file.storyboard; name = Base; path = Base.lproj/Main.storyboard; sourceTree = "<group>"; };
		F65036F424FF1CF60086CACD /* Assets.xcassets */ = {isa = PBXFileReference; lastKnownFileType = folder.assetcatalog; path = Assets.xcassets; sourceTree = "<group>"; };
		F65036F724FF1CF60086CACD /* Base */ = {isa = PBXFileReference; lastKnownFileType = file.storyboard; name = Base; path = Base.lproj/LaunchScreen.storyboard; sourceTree = "<group>"; };
		F65036F924FF1CF60086CACD /* Info.plist */ = {isa = PBXFileReference; lastKnownFileType = text.plist.xml; path = Info.plist; sourceTree = "<group>"; };
/* End PBXFileReference section */

/* Begin PBXFrameworksBuildPhase section */
		F65036E524FF1CF50086CACD /* Frameworks */ = {
			isa = PBXFrameworksBuildPhase;
			buildActionMask = 2147483647;
			files = (
				8AC784D65D04152990F18242 /* Pods_plannely.framework in Frameworks */,
			);
			runOnlyForDeploymentPostprocessing = 0;
		};
/* End PBXFrameworksBuildPhase section */

/* Begin PBXGroup section */
		4EBCFAD086C2949E2E3618ED /* Pods */ = {
			isa = PBXGroup;
			children = (
				736C6F1DD4D56C56D02984E8 /* Pods-plannely.debug.xcconfig */,
				12EAD3A06B262CE50F9D2005 /* Pods-plannely.release.xcconfig */,
			);
			name = Pods;
			path = Pods;
			sourceTree = "<group>";
		};
		62C9C19AAC49F4BE1FF429DC /* Frameworks */ = {
			isa = PBXGroup;
			children = (
				42B47FAAC2B5A8D951FFD05F /* Pods_plannely.framework */,
			);
			name = Frameworks;
			sourceTree = "<group>";
		};
		F65036DF24FF1CF40086CACD = {
			isa = PBXGroup;
			children = (
				F65036EA24FF1CF50086CACD /* plannely */,
				F65036E924FF1CF50086CACD /* Products */,
				4EBCFAD086C2949E2E3618ED /* Pods */,
				62C9C19AAC49F4BE1FF429DC /* Frameworks */,
			);
			sourceTree = "<group>";
		};
		F65036E924FF1CF50086CACD /* Products */ = {
			isa = PBXGroup;
			children = (
				F65036E824FF1CF50086CACD /* plannely.app */,
			);
			name = Products;
			sourceTree = "<group>";
		};
		F65036EA24FF1CF50086CACD /* plannely */ = {
			isa = PBXGroup;
			children = (
				F65036EB24FF1CF50086CACD /* AppDelegate.swift */,
				F65036ED24FF1CF50086CACD /* SceneDelegate.swift */,
				F65036EF24FF1CF50086CACD /* ViewController.swift */,
				F65036F124FF1CF50086CACD /* Main.storyboard */,
				F65036F424FF1CF60086CACD /* Assets.xcassets */,
				F65036F624FF1CF60086CACD /* LaunchScreen.storyboard */,
				F65036F924FF1CF60086CACD /* Info.plist */,
			);
			path = plannely;
			sourceTree = "<group>";
		};
/* End PBXGroup section */

/* Begin PBXNativeTarget section */
		F65036E724FF1CF50086CACD /* plannely */ = {
			isa = PBXNativeTarget;
			buildConfigurationList = F65036FC24FF1CF60086CACD /* Build configuration list for PBXNativeTarget "plannely" */;
			buildPhases = (
				90ED3681EEAE43BC50A31274 /* [CP] Check Pods Manifest.lock */,
				F65036E424FF1CF50086CACD /* Sources */,
				F65036E524FF1CF50086CACD /* Frameworks */,
				F65036E624FF1CF50086CACD /* Resources */,
				23149625BC1AA8C420ED1345 /* [CP] Embed Pods Frameworks */,
			);
			buildRules = (
			);
			dependencies = (
			);
			name = plannely;
			productName = plannely;
			productReference = F65036E824FF1CF50086CACD /* plannely.app */;
			productType = "com.apple.product-type.application";
		};
/* End PBXNativeTarget section */

/* Begin PBXProject section */
		F65036E024FF1CF40086CACD /* Project object */ = {
			isa = PBXProject;
			attributes = {
				LastSwiftUpdateCheck = 1160;
				LastUpgradeCheck = 1160;
				ORGANIZATIONNAME = "Ashley Liao";
				TargetAttributes = {
					F65036E724FF1CF50086CACD = {
						CreatedOnToolsVersion = 11.6;
					};
				};
			};
			buildConfigurationList = F65036E324FF1CF40086CACD /* Build configuration list for PBXProject "plannely" */;
			compatibilityVersion = "Xcode 9.3";
			developmentRegion = en;
			hasScannedForEncodings = 0;
			knownRegions = (
				en,
				Base,
			);
			mainGroup = F65036DF24FF1CF40086CACD;
			productRefGroup = F65036E924FF1CF50086CACD /* Products */;
			projectDirPath = "";
			projectRoot = "";
			targets = (
				F65036E724FF1CF50086CACD /* plannely */,
			);
		};
/* End PBXProject section */

/* Begin PBXResourcesBuildPhase section */
		F65036E624FF1CF50086CACD /* Resources */ = {
			isa = PBXResourcesBuildPhase;
			buildActionMask = 2147483647;
			files = (
				F65036F824FF1CF60086CACD /* LaunchScreen.storyboard in Resources */,
				F65036F524FF1CF60086CACD /* Assets.xcassets in Resources */,
				F65036F324FF1CF50086CACD /* Main.storyboard in Resources */,
			);
			runOnlyForDeploymentPostprocessing = 0;
		};
/* End PBXResourcesBuildPhase section */

/* Begin PBXShellScriptBuildPhase section */
		23149625BC1AA8C420ED1345 /* [CP] Embed Pods Frameworks */ = {
			isa = PBXShellScriptBuildPhase;
			buildActionMask = 2147483647;
			files = (
			);
			inputFileListPaths = (
				"${PODS_ROOT}/Target Support Files/Pods-plannely/Pods-plannely-frameworks-${CONFIGURATION}-input-files.xcfilelist",
			);
			name = "[CP] Embed Pods Frameworks";
			outputFileListPaths = (
				"${PODS_ROOT}/Target Support Files/Pods-plannely/Pods-plannely-frameworks-${CONFIGURATION}-output-files.xcfilelist",
			);
			runOnlyForDeploymentPostprocessing = 0;
			shellPath = /bin/sh;
			shellScript = "\"${PODS_ROOT}/Target Support Files/Pods-plannely/Pods-plannely-frameworks.sh\"\n";
			showEnvVarsInLog = 0;
		};
		90ED3681EEAE43BC50A31274 /* [CP] Check Pods Manifest.lock */ = {
			isa = PBXShellScriptBuildPhase;
			buildActionMask = 2147483647;
			files = (
			);
			inputFileListPaths = (
			);
			inputPaths = (
				"${PODS_PODFILE_DIR_PATH}/Podfile.lock",
				"${PODS_ROOT}/Manifest.lock",
			);
			name = "[CP] Check Pods Manifest.lock";
			outputFileListPaths = (
			);
			outputPaths = (
				"$(DERIVED_FILE_DIR)/Pods-plannely-checkManifestLockResult.txt",
			);
			runOnlyForDeploymentPostprocessing = 0;
			shellPath = /bin/sh;
			shellScript = "diff \"${PODS_PODFILE_DIR_PATH}/Podfile.lock\" \"${PODS_ROOT}/Manifest.lock\" > /dev/null\nif [ $? != 0 ] ; then\n    # print error to STDERR\n    echo \"error: The sandbox is not in sync with the Podfile.lock. Run 'pod install' or update your CocoaPods installation.\" >&2\n    exit 1\nfi\n# This output is used by Xcode 'outputs' to avoid re-running this script phase.\necho \"SUCCESS\" > \"${SCRIPT_OUTPUT_FILE_0}\"\n";
			showEnvVarsInLog = 0;
		};
/* End PBXShellScriptBuildPhase section */

/* Begin PBXSourcesBuildPhase section */
		F65036E424FF1CF50086CACD /* Sources */ = {
			isa = PBXSourcesBuildPhase;
			buildActionMask = 2147483647;
			files = (
				F65036F024FF1CF50086CACD /* ViewController.swift in Sources */,
				F65036EC24FF1CF50086CACD /* AppDelegate.swift in Sources */,
				F65036EE24FF1CF50086CACD /* SceneDelegate.swift in Sources */,
			);
			runOnlyForDeploymentPostprocessing = 0;
		};
/* End PBXSourcesBuildPhase section */

/* Begin PBXVariantGroup section */
		F65036F124FF1CF50086CACD /* Main.storyboard */ = {
			isa = PBXVariantGroup;
			children = (
				F65036F224FF1CF50086CACD /* Base */,
			);
			name = Main.storyboard;
			sourceTree = "<group>";
		};
		F65036F624FF1CF60086CACD /* LaunchScreen.storyboard */ = {
			isa = PBXVariantGroup;
			children = (
				F65036F724FF1CF60086CACD /* Base */,
			);
			name = LaunchScreen.storyboard;
			sourceTree = "<group>";
		};
/* End PBXVariantGroup section */

/* Begin XCBuildConfiguration section */
		F65036FA24FF1CF60086CACD /* Debug */ = {
			isa = XCBuildConfiguration;
			buildSettings = {
				ALWAYS_SEARCH_USER_PATHS = NO;
				CLANG_ANALYZER_NONNULL = YES;
				CLANG_ANALYZER_NUMBER_OBJECT_CONVERSION = YES_AGGRESSIVE;
				CLANG_CXX_LANGUAGE_STANDARD = "gnu++14";
				CLANG_CXX_LIBRARY = "libc++";
				CLANG_ENABLE_MODULES = YES;
				CLANG_ENABLE_OBJC_ARC = YES;
				CLANG_ENABLE_OBJC_WEAK = YES;
				CLANG_WARN_BLOCK_CAPTURE_AUTORELEASING = YES;
				CLANG_WARN_BOOL_CONVERSION = YES;
				CLANG_WARN_COMMA = YES;
				CLANG_WARN_CONSTANT_CONVERSION = YES;
				CLANG_WARN_DEPRECATED_OBJC_IMPLEMENTATIONS = YES;
				CLANG_WARN_DIRECT_OBJC_ISA_USAGE = YES_ERROR;
				CLANG_WARN_DOCUMENTATION_COMMENTS = YES;
				CLANG_WARN_EMPTY_BODY = YES;
				CLANG_WARN_ENUM_CONVERSION = YES;
				CLANG_WARN_INFINITE_RECURSION = YES;
				CLANG_WARN_INT_CONVERSION = YES;
				CLANG_WARN_NON_LITERAL_NULL_CONVERSION = YES;
				CLANG_WARN_OBJC_IMPLICIT_RETAIN_SELF = YES;
				CLANG_WARN_OBJC_LITERAL_CONVERSION = YES;
				CLANG_WARN_OBJC_ROOT_CLASS = YES_ERROR;
				CLANG_WARN_RANGE_LOOP_ANALYSIS = YES;
				CLANG_WARN_STRICT_PROTOTYPES = YES;
				CLANG_WARN_SUSPICIOUS_MOVE = YES;
				CLANG_WARN_UNGUARDED_AVAILABILITY = YES_AGGRESSIVE;
				CLANG_WARN_UNREACHABLE_CODE = YES;
				CLANG_WARN__DUPLICATE_METHOD_MATCH = YES;
				COPY_PHASE_STRIP = NO;
				DEBUG_INFORMATION_FORMAT = dwarf;
				ENABLE_STRICT_OBJC_MSGSEND = YES;
				ENABLE_TESTABILITY = YES;
				GCC_C_LANGUAGE_STANDARD = gnu11;
				GCC_DYNAMIC_NO_PIC = NO;
				GCC_NO_COMMON_BLOCKS = YES;
				GCC_OPTIMIZATION_LEVEL = 0;
				GCC_PREPROCESSOR_DEFINITIONS = (
					"DEBUG=1",
					"$(inherited)",
				);
				GCC_WARN_64_TO_32_BIT_CONVERSION = YES;
				GCC_WARN_ABOUT_RETURN_TYPE = YES_ERROR;
				GCC_WARN_UNDECLARED_SELECTOR = YES;
				GCC_WARN_UNINITIALIZED_AUTOS = YES_AGGRESSIVE;
				GCC_WARN_UNUSED_FUNCTION = YES;
				GCC_WARN_UNUSED_VARIABLE = YES;
				IPHONEOS_DEPLOYMENT_TARGET = 13.6;
				MTL_ENABLE_DEBUG_INFO = INCLUDE_SOURCE;
				MTL_FAST_MATH = YES;
				ONLY_ACTIVE_ARCH = YES;
				SDKROOT = iphoneos;
				SWIFT_ACTIVE_COMPILATION_CONDITIONS = DEBUG;
				SWIFT_OPTIMIZATION_LEVEL = "-Onone";
			};
			name = Debug;
		};
		F65036FB24FF1CF60086CACD /* Release */ = {
			isa = XCBuildConfiguration;
			buildSettings = {
				ALWAYS_SEARCH_USER_PATHS = NO;
				CLANG_ANALYZER_NONNULL = YES;
				CLANG_ANALYZER_NUMBER_OBJECT_CONVERSION = YES_AGGRESSIVE;
				CLANG_CXX_LANGUAGE_STANDARD = "gnu++14";
				CLANG_CXX_LIBRARY = "libc++";
				CLANG_ENABLE_MODULES = YES;
				CLANG_ENABLE_OBJC_ARC = YES;
				CLANG_ENABLE_OBJC_WEAK = YES;
				CLANG_WARN_BLOCK_CAPTURE_AUTORELEASING = YES;
				CLANG_WARN_BOOL_CONVERSION = YES;
				CLANG_WARN_COMMA = YES;
				CLANG_WARN_CONSTANT_CONVERSION = YES;
				CLANG_WARN_DEPRECATED_OBJC_IMPLEMENTATIONS = YES;
				CLANG_WARN_DIRECT_OBJC_ISA_USAGE = YES_ERROR;
				CLANG_WARN_DOCUMENTATION_COMMENTS = YES;
				CLANG_WARN_EMPTY_BODY = YES;
				CLANG_WARN_ENUM_CONVERSION = YES;
				CLANG_WARN_INFINITE_RECURSION = YES;
				CLANG_WARN_INT_CONVERSION = YES;
				CLANG_WARN_NON_LITERAL_NULL_CONVERSION = YES;
				CLANG_WARN_OBJC_IMPLICIT_RETAIN_SELF = YES;
				CLANG_WARN_OBJC_LITERAL_CONVERSION = YES;
				CLANG_WARN_OBJC_ROOT_CLASS = YES_ERROR;
				CLANG_WARN_RANGE_LOOP_ANALYSIS = YES;
				CLANG_WARN_STRICT_PROTOTYPES = YES;
				CLANG_WARN_SUSPICIOUS_MOVE = YES;
				CLANG_WARN_UNGUARDED_AVAILABILITY = YES_AGGRESSIVE;
				CLANG_WARN_UNREACHABLE_CODE = YES;
				CLANG_WARN__DUPLICATE_METHOD_MATCH = YES;
				COPY_PHASE_STRIP = NO;
				DEBUG_INFORMATION_FORMAT = "dwarf-with-dsym";
				ENABLE_NS_ASSERTIONS = NO;
				ENABLE_STRICT_OBJC_MSGSEND = YES;
				GCC_C_LANGUAGE_STANDARD = gnu11;
				GCC_NO_COMMON_BLOCKS = YES;
				GCC_WARN_64_TO_32_BIT_CONVERSION = YES;
				GCC_WARN_ABOUT_RETURN_TYPE = YES_ERROR;
				GCC_WARN_UNDECLARED_SELECTOR = YES;
				GCC_WARN_UNINITIALIZED_AUTOS = YES_AGGRESSIVE;
				GCC_WARN_UNUSED_FUNCTION = YES;
				GCC_WARN_UNUSED_VARIABLE = YES;
				IPHONEOS_DEPLOYMENT_TARGET = 13.6;
				MTL_ENABLE_DEBUG_INFO = NO;
				MTL_FAST_MATH = YES;
				SDKROOT = iphoneos;
				SWIFT_COMPILATION_MODE = wholemodule;
				SWIFT_OPTIMIZATION_LEVEL = "-O";
				VALIDATE_PRODUCT = YES;
			};
			name = Release;
		};
		F65036FD24FF1CF60086CACD /* Debug */ = {
			isa = XCBuildConfiguration;
			baseConfigurationReference = 736C6F1DD4D56C56D02984E8 /* Pods-plannely.debug.xcconfig */;
			buildSettings = {
				ASSETCATALOG_COMPILER_APPICON_NAME = AppIcon;
				CODE_SIGN_STYLE = Automatic;
				INFOPLIST_FILE = plannely/Info.plist;
				LD_RUNPATH_SEARCH_PATHS = (
					"$(inherited)",
					"@executable_path/Frameworks",
				);
				PRODUCT_BUNDLE_IDENTIFIER = com.ashleyliao.plannely;
				PRODUCT_NAME = "$(TARGET_NAME)";
				SWIFT_VERSION = 5.0;
				TARGETED_DEVICE_FAMILY = "1,2";
			};
			name = Debug;
		};
		F65036FE24FF1CF60086CACD /* Release */ = {
			isa = XCBuildConfiguration;
			baseConfigurationReference = 12EAD3A06B262CE50F9D2005 /* Pods-plannely.release.xcconfig */;
			buildSettings = {
				ASSETCATALOG_COMPILER_APPICON_NAME = AppIcon;
				CODE_SIGN_STYLE = Automatic;
				INFOPLIST_FILE = plannely/Info.plist;
				LD_RUNPATH_SEARCH_PATHS = (
					"$(inherited)",
					"@executable_path/Frameworks",
				);
				PRODUCT_BUNDLE_IDENTIFIER = com.ashleyliao.plannely;
				PRODUCT_NAME = "$(TARGET_NAME)";
				SWIFT_VERSION = 5.0;
				TARGETED_DEVICE_FAMILY = "1,2";
			};
			name = Release;
		};
/* End XCBuildConfiguration section */

/* Begin XCConfigurationList section */
		F65036E324FF1CF40086CACD /* Build configuration list for PBXProject "plannely" */ = {
			isa = XCConfigurationList;
			buildConfigurations = (
				F65036FA24FF1CF60086CACD /* Debug */,
				F65036FB24FF1CF60086CACD /* Release */,
			);
			defaultConfigurationIsVisible = 0;
			defaultConfigurationName = Release;
		};
		F65036FC24FF1CF60086CACD /* Build configuration list for PBXNativeTarget "plannely" */ = {
			isa = XCConfigurationList;
			buildConfigurations = (
				F65036FD24FF1CF60086CACD /* Debug */,
				F65036FE24FF1CF60086CACD /* Release */,
			);
			defaultConfigurationIsVisible = 0;
			defaultConfigurationName = Release;
		};
/* End XCConfigurationList section */
	};
	rootObject = F65036E024FF1CF40086CACD /* Project object */;
}
